// !$*UTF8*$!
{
	archiveVersion = 1;
	classes = {
	};
	objectVersion = 55;
	objects = {

/* Begin PBXBuildFile section */
		0B4B3E7D284FA6FF00F25E7B /* ItemSelector.swift in Sources */ = {isa = PBXBuildFile; fileRef = 0B4B3E7C284FA6FF00F25E7B /* ItemSelector.swift */; };
		0B4B3E80284FA99D00F25E7B /* ItemSelectorText.swift in Sources */ = {isa = PBXBuildFile; fileRef = 0B4B3E7F284FA99D00F25E7B /* ItemSelectorText.swift */; };
		0B4B3E822850918A00F25E7B /* ItemSelectorProductRow.swift in Sources */ = {isa = PBXBuildFile; fileRef = 0B4B3E812850918A00F25E7B /* ItemSelectorProductRow.swift */; };
		0B4B3E84285099EA00F25E7B /* ItemSelectorVM.swift in Sources */ = {isa = PBXBuildFile; fileRef = 0B4B3E83285099EA00F25E7B /* ItemSelectorVM.swift */; };
		0B5325212874899E001906CD /* LikeButton.swift in Sources */ = {isa = PBXBuildFile; fileRef = 0B5325202874899E001906CD /* LikeButton.swift */; };
		0B5325242876B9ED001906CD /* BasketTagVM.swift in Sources */ = {isa = PBXBuildFile; fileRef = 0B5325232876B9ED001906CD /* BasketTagVM.swift */; };
		0B5325272876C70C001906CD /* BasketTag.swift in Sources */ = {isa = PBXBuildFile; fileRef = 0B5325262876C70C001906CD /* BasketTag.swift */; };
		0B61EB4B288992AB002E44FB /* MyMealSuccessView.swift in Sources */ = {isa = PBXBuildFile; fileRef = 0B61EB4A288992AB002E44FB /* MyMealSuccessView.swift */; };
		0B61EB4D2889943C002E44FB /* MyMealLoadingView.swift in Sources */ = {isa = PBXBuildFile; fileRef = 0B61EB4C2889943C002E44FB /* MyMealLoadingView.swift */; };
		0B61EB4F28899488002E44FB /* MyMealEmptyView.swift in Sources */ = {isa = PBXBuildFile; fileRef = 0B61EB4E28899488002E44FB /* MyMealEmptyView.swift */; };
		0B7C9BD928196ABF00BFC7F8 /* RecipeCardText.swift in Sources */ = {isa = PBXBuildFile; fileRef = 0B7C9BD828196ABF00BFC7F8 /* RecipeCardText.swift */; };
		0B7C9BDC28196BAB00BFC7F8 /* Text.swift in Sources */ = {isa = PBXBuildFile; fileRef = 0B7C9BDB28196BAB00BFC7F8 /* Text.swift */; };
		0B7C9BE028197A3600BFC7F8 /* CounterView.swift in Sources */ = {isa = PBXBuildFile; fileRef = 0B7C9BDF28197A3600BFC7F8 /* CounterView.swift */; };
		0B7C9BE22819929200BFC7F8 /* CounterColor.swift in Sources */ = {isa = PBXBuildFile; fileRef = 0B7C9BE12819929200BFC7F8 /* CounterColor.swift */; };
		0B7C9BE42819933D00BFC7F8 /* MiamColor.swift in Sources */ = {isa = PBXBuildFile; fileRef = 0B7C9BE32819933D00BFC7F8 /* MiamColor.swift */; };
		0B7C9BEE2819A11E00BFC7F8 /* Color.swift in Sources */ = {isa = PBXBuildFile; fileRef = 0B7C9BED2819A11E00BFC7F8 /* Color.swift */; };
		0B7C9BF0281A7CB400BFC7F8 /* CounterStyle.swift in Sources */ = {isa = PBXBuildFile; fileRef = 0B7C9BEF281A7CB400BFC7F8 /* CounterStyle.swift */; };
		0B7C9BF2281A7EF700BFC7F8 /* Dimension.swift in Sources */ = {isa = PBXBuildFile; fileRef = 0B7C9BF1281A7EF700BFC7F8 /* Dimension.swift */; };
		0B7C9BF7281FCC6800BFC7F8 /* Template.swift in Sources */ = {isa = PBXBuildFile; fileRef = 0B7C9BF6281FCC6800BFC7F8 /* Template.swift */; };
		0B9AA666282017C5007D6C8A /* PriceView.swift in Sources */ = {isa = PBXBuildFile; fileRef = 0B9AA665282017C5007D6C8A /* PriceView.swift */; };
		0B9AA668282019D2007D6C8A /* PriceVM.swift in Sources */ = {isa = PBXBuildFile; fileRef = 0B9AA667282019D2007D6C8A /* PriceVM.swift */; };
		0B9AA66D28215A83007D6C8A /* Dialog.swift in Sources */ = {isa = PBXBuildFile; fileRef = 0B9AA66C28215A83007D6C8A /* Dialog.swift */; };
		0B9AA66F28215B4D007D6C8A /* DialogVM.swift in Sources */ = {isa = PBXBuildFile; fileRef = 0B9AA66E28215B4D007D6C8A /* DialogVM.swift */; };
		0BB5CA602847B3A2007AC86D /* RecipeDetailsFooter.swift in Sources */ = {isa = PBXBuildFile; fileRef = 0BB5CA5F2847B3A2007AC86D /* RecipeDetailsFooter.swift */; };
		0BB5CA632847B843007AC86D /* RecipeDetailsText.swift in Sources */ = {isa = PBXBuildFile; fileRef = 0BB5CA622847B843007AC86D /* RecipeDetailsText.swift */; };
		0BB5CA6628489B60007AC86D /* RecipeDetailsDifficulty.swift in Sources */ = {isa = PBXBuildFile; fileRef = 0BB5CA6528489B60007AC86D /* RecipeDetailsDifficulty.swift */; };
		0BB5CA682848AF63007AC86D /* RecipeDetailsMoreInfo.swift in Sources */ = {isa = PBXBuildFile; fileRef = 0BB5CA672848AF63007AC86D /* RecipeDetailsMoreInfo.swift */; };
		0BE594142849050C00D146F8 /* FirstLetterCapitalizer.swift in Sources */ = {isa = PBXBuildFile; fileRef = 0BE594132849050C00D146F8 /* FirstLetterCapitalizer.swift */; };
		0BF5C6F82862163800C29CB6 /* BasketPreviewView.swift in Sources */ = {isa = PBXBuildFile; fileRef = 0BF5C6F72862163800C29CB6 /* BasketPreviewView.swift */; };
		0BF5C6FC28621AB200C29CB6 /* BasketPreviewLoadingView.swift in Sources */ = {isa = PBXBuildFile; fileRef = 0BF5C6FB28621AB200C29CB6 /* BasketPreviewLoadingView.swift */; };
		0BF81ACD286220AB00FEBB92 /* ProgressLoader.swift in Sources */ = {isa = PBXBuildFile; fileRef = 0BF81ACC286220AB00FEBB92 /* ProgressLoader.swift */; };
		0BFD391A2860BB0500A7FCED /* RecipeCardLoadingView.swift in Sources */ = {isa = PBXBuildFile; fileRef = 0BFD39192860BB0500A7FCED /* RecipeCardLoadingView.swift */; };
		0BFD391D2860C14900A7FCED /* ManagementResourceState.swift in Sources */ = {isa = PBXBuildFile; fileRef = 0BFD391C2860C14900A7FCED /* ManagementResourceState.swift */; };
		0BFD39212860C70600A7FCED /* RecipeCardSuccessView.swift in Sources */ = {isa = PBXBuildFile; fileRef = 0BFD39202860C70600A7FCED /* RecipeCardSuccessView.swift */; };
		521D644A282E30A00092AC52 /* IngredientRow.swift in Sources */ = {isa = PBXBuildFile; fileRef = 521D6449282E30A00092AC52 /* IngredientRow.swift */; };
		521D644C282E30C00092AC52 /* StepRow.swift in Sources */ = {isa = PBXBuildFile; fileRef = 521D644B282E30C00092AC52 /* StepRow.swift */; };
		521D6459283230BF0092AC52 /* BasketPreviewSuccessView.swift in Sources */ = {isa = PBXBuildFile; fileRef = 521D6458283230BF0092AC52 /* BasketPreviewSuccessView.swift */; };
		521D645B283230DA0092AC52 /* BasketPreviewRow.swift in Sources */ = {isa = PBXBuildFile; fileRef = 521D645A283230DA0092AC52 /* BasketPreviewRow.swift */; };
		521D645F283277B20092AC52 /* MyMealsView.swift in Sources */ = {isa = PBXBuildFile; fileRef = 521D645E283277B20092AC52 /* MyMealsView.swift */; };
		521D6461283277D00092AC52 /* MyMealRow.swift in Sources */ = {isa = PBXBuildFile; fileRef = 521D6460283277D00092AC52 /* MyMealRow.swift */; };
		521D6463283277EA0092AC52 /* MyMealItemRow.swift in Sources */ = {isa = PBXBuildFile; fileRef = 521D6462283277EA0092AC52 /* MyMealItemRow.swift */; };
		52991E8C282CCE22001738EF /* RecipeDetailsView.swift in Sources */ = {isa = PBXBuildFile; fileRef = 52991E8B282CCE22001738EF /* RecipeDetailsView.swift */; };
		BF1429B6284E11D600395C4B /* BasketPreviewViewModel.swift in Sources */ = {isa = PBXBuildFile; fileRef = BF1429B5284E11D600395C4B /* BasketPreviewViewModel.swift */; };
		BF1429B8284E4F0B00395C4B /* BasketPreviewFooter.swift in Sources */ = {isa = PBXBuildFile; fileRef = BF1429B7284E4F0B00395C4B /* BasketPreviewFooter.swift */; };
		BF25E1582864740900328B4B /* miam.xcassets in Resources */ = {isa = PBXBuildFile; fileRef = BF25E1572864740900328B4B /* miam.xcassets */; };
		BF25E1612865B01B00328B4B /* CatalogVM.swift in Sources */ = {isa = PBXBuildFile; fileRef = BF25E1602865B01B00328B4B /* CatalogVM.swift */; };
		BF25E169286611B200328B4B /* RecipePageListVM.swift in Sources */ = {isa = PBXBuildFile; fileRef = BF25E168286611B200328B4B /* RecipePageListVM.swift */; };
		BF7B82CF2876DD1000DAC4F3 /* IconWithText.swift in Sources */ = {isa = PBXBuildFile; fileRef = BF7B82CE2876DD1000DAC4F3 /* IconWithText.swift */; };
		BF882084287F0B8600D7353B /* TitleBarView.swift in Sources */ = {isa = PBXBuildFile; fileRef = BF882083287F0B8600D7353B /* TitleBarView.swift */; };
		BF9335E6286ED80A002405EE /* CatalogFilterVM.swift in Sources */ = {isa = PBXBuildFile; fileRef = BF9335E5286ED80A002405EE /* CatalogFilterVM.swift */; };
		BFA507EA287C126B00F274CA /* CatalogFiltersView.swift in Sources */ = {isa = PBXBuildFile; fileRef = BFA507E4287C126B00F274CA /* CatalogFiltersView.swift */; };
		BFA507EB287C126B00F274CA /* CatalogLoadingView.swift in Sources */ = {isa = PBXBuildFile; fileRef = BFA507E5287C126B00F274CA /* CatalogLoadingView.swift */; };
		BFA507EC287C126B00F274CA /* CatalogRecipePageNoResults.swift in Sources */ = {isa = PBXBuildFile; fileRef = BFA507E6287C126B00F274CA /* CatalogRecipePageNoResults.swift */; };
		BFA507ED287C126B00F274CA /* CatalogRecipePageSuccessView.swift in Sources */ = {isa = PBXBuildFile; fileRef = BFA507E7287C126B00F274CA /* CatalogRecipePageSuccessView.swift */; };
		BFA507EE287C126B00F274CA /* CatalogSearchView.swift in Sources */ = {isa = PBXBuildFile; fileRef = BFA507E8287C126B00F274CA /* CatalogSearchView.swift */; };
		BFA507EF287C126B00F274CA /* CatalogView.swift in Sources */ = {isa = PBXBuildFile; fileRef = BFA507E9287C126B00F274CA /* CatalogView.swift */; };
		BFB3957B288ACE1E00D696D0 /* Bundle.swift in Sources */ = {isa = PBXBuildFile; fileRef = BFB3957A288ACE1E00D696D0 /* Bundle.swift */; };
		BFD55AA2285B6E16009CBC1E /* MyMealVM.swift in Sources */ = {isa = PBXBuildFile; fileRef = BFD55AA1285B6E16009CBC1E /* MyMealVM.swift */; };
		BFF5B65528534BA500CEC7C5 /* BasketPreviewHeader.swift in Sources */ = {isa = PBXBuildFile; fileRef = BFF5B65428534BA500CEC7C5 /* BasketPreviewHeader.swift */; };
		BFF5B65728534F5800CEC7C5 /* IngredientNotInBasketRow.swift in Sources */ = {isa = PBXBuildFile; fileRef = BFF5B65628534F5800CEC7C5 /* IngredientNotInBasketRow.swift */; };
		BFF5B65B2853932C00CEC7C5 /* BasketPreviewLine.swift in Sources */ = {isa = PBXBuildFile; fileRef = BFF5B65A2853932C00CEC7C5 /* BasketPreviewLine.swift */; };
		BFF70574289016C200CB4EC6 /* MiamIcons.swift in Sources */ = {isa = PBXBuildFile; fileRef = BFF70573289016C200CB4EC6 /* MiamIcons.swift */; };
		BFF70576289018BB00CB4EC6 /* Image.swift in Sources */ = {isa = PBXBuildFile; fileRef = BFF70575289018BB00CB4EC6 /* Image.swift */; };
		DCD4E30527BE914A000D3EA6 /* MiamIOSFramework.docc in Sources */ = {isa = PBXBuildFile; fileRef = DCD4E30427BE914A000D3EA6 /* MiamIOSFramework.docc */; };
		DCD4E30B27BE914A000D3EA6 /* MiamIOSFramework.framework in Frameworks */ = {isa = PBXBuildFile; fileRef = DCD4E30027BE914A000D3EA6 /* MiamIOSFramework.framework */; };
		DCD4E31027BE914A000D3EA6 /* MiamIOSFrameworkTests.swift in Sources */ = {isa = PBXBuildFile; fileRef = DCD4E30F27BE914A000D3EA6 /* MiamIOSFrameworkTests.swift */; };
		DCD4E31127BE914A000D3EA6 /* MiamIOSFramework.h in Headers */ = {isa = PBXBuildFile; fileRef = DCD4E30327BE914A000D3EA6 /* MiamIOSFramework.h */; settings = {ATTRIBUTES = (Public, ); }; };
		DCD4E32027BE9339000D3EA6 /* RecipeCardVM.swift in Sources */ = {isa = PBXBuildFile; fileRef = DCD4E31F27BE9339000D3EA6 /* RecipeCardVM.swift */; };
		DCD4E32227BE935B000D3EA6 /* AsyncImage.swift in Sources */ = {isa = PBXBuildFile; fileRef = DCD4E32127BE935B000D3EA6 /* AsyncImage.swift */; };
		DCD4E32427BE937F000D3EA6 /* RecipeCardView.swift in Sources */ = {isa = PBXBuildFile; fileRef = DCD4E32327BE937F000D3EA6 /* RecipeCardView.swift */; };
/* End PBXBuildFile section */

/* Begin PBXContainerItemProxy section */
		DCD4E30C27BE914A000D3EA6 /* PBXContainerItemProxy */ = {
			isa = PBXContainerItemProxy;
			containerPortal = DCD4E2F727BE914A000D3EA6 /* Project object */;
			proxyType = 1;
			remoteGlobalIDString = DCD4E2FF27BE914A000D3EA6;
			remoteInfo = MiamIOSFramework;
		};
/* End PBXContainerItemProxy section */

/* Begin PBXFileReference section */
		0B4B3E7C284FA6FF00F25E7B /* ItemSelector.swift */ = {isa = PBXFileReference; lastKnownFileType = sourcecode.swift; path = ItemSelector.swift; sourceTree = "<group>"; };
		0B4B3E7F284FA99D00F25E7B /* ItemSelectorText.swift */ = {isa = PBXFileReference; lastKnownFileType = sourcecode.swift; path = ItemSelectorText.swift; sourceTree = "<group>"; };
		0B4B3E812850918A00F25E7B /* ItemSelectorProductRow.swift */ = {isa = PBXFileReference; lastKnownFileType = sourcecode.swift; path = ItemSelectorProductRow.swift; sourceTree = "<group>"; };
		0B4B3E83285099EA00F25E7B /* ItemSelectorVM.swift */ = {isa = PBXFileReference; lastKnownFileType = sourcecode.swift; path = ItemSelectorVM.swift; sourceTree = "<group>"; };
		0B5325202874899E001906CD /* LikeButton.swift */ = {isa = PBXFileReference; lastKnownFileType = sourcecode.swift; path = LikeButton.swift; sourceTree = "<group>"; };
		0B5325232876B9ED001906CD /* BasketTagVM.swift */ = {isa = PBXFileReference; lastKnownFileType = sourcecode.swift; path = BasketTagVM.swift; sourceTree = "<group>"; };
		0B5325262876C70C001906CD /* BasketTag.swift */ = {isa = PBXFileReference; lastKnownFileType = sourcecode.swift; path = BasketTag.swift; sourceTree = "<group>"; };
		0B61EB4A288992AB002E44FB /* MyMealSuccessView.swift */ = {isa = PBXFileReference; lastKnownFileType = sourcecode.swift; path = MyMealSuccessView.swift; sourceTree = "<group>"; };
		0B61EB4C2889943C002E44FB /* MyMealLoadingView.swift */ = {isa = PBXFileReference; lastKnownFileType = sourcecode.swift; path = MyMealLoadingView.swift; sourceTree = "<group>"; };
		0B61EB4E28899488002E44FB /* MyMealEmptyView.swift */ = {isa = PBXFileReference; lastKnownFileType = sourcecode.swift; path = MyMealEmptyView.swift; sourceTree = "<group>"; };
		0B7C9BD828196ABF00BFC7F8 /* RecipeCardText.swift */ = {isa = PBXFileReference; lastKnownFileType = sourcecode.swift; path = RecipeCardText.swift; sourceTree = "<group>"; };
		0B7C9BDB28196BAB00BFC7F8 /* Text.swift */ = {isa = PBXFileReference; lastKnownFileType = sourcecode.swift; path = Text.swift; sourceTree = "<group>"; };
		0B7C9BDF28197A3600BFC7F8 /* CounterView.swift */ = {isa = PBXFileReference; lastKnownFileType = sourcecode.swift; path = CounterView.swift; sourceTree = "<group>"; };
		0B7C9BE12819929200BFC7F8 /* CounterColor.swift */ = {isa = PBXFileReference; lastKnownFileType = sourcecode.swift; path = CounterColor.swift; sourceTree = "<group>"; };
		0B7C9BE32819933D00BFC7F8 /* MiamColor.swift */ = {isa = PBXFileReference; lastKnownFileType = sourcecode.swift; path = MiamColor.swift; sourceTree = "<group>"; };
		0B7C9BED2819A11E00BFC7F8 /* Color.swift */ = {isa = PBXFileReference; lastKnownFileType = sourcecode.swift; path = Color.swift; sourceTree = "<group>"; };
		0B7C9BEF281A7CB400BFC7F8 /* CounterStyle.swift */ = {isa = PBXFileReference; lastKnownFileType = sourcecode.swift; path = CounterStyle.swift; sourceTree = "<group>"; };
		0B7C9BF1281A7EF700BFC7F8 /* Dimension.swift */ = {isa = PBXFileReference; lastKnownFileType = sourcecode.swift; path = Dimension.swift; sourceTree = "<group>"; };
		0B7C9BF6281FCC6800BFC7F8 /* Template.swift */ = {isa = PBXFileReference; lastKnownFileType = sourcecode.swift; path = Template.swift; sourceTree = "<group>"; };
		0B9AA665282017C5007D6C8A /* PriceView.swift */ = {isa = PBXFileReference; lastKnownFileType = sourcecode.swift; path = PriceView.swift; sourceTree = "<group>"; };
		0B9AA667282019D2007D6C8A /* PriceVM.swift */ = {isa = PBXFileReference; lastKnownFileType = sourcecode.swift; path = PriceVM.swift; sourceTree = "<group>"; };
		0B9AA66C28215A83007D6C8A /* Dialog.swift */ = {isa = PBXFileReference; lastKnownFileType = sourcecode.swift; path = Dialog.swift; sourceTree = "<group>"; };
		0B9AA66E28215B4D007D6C8A /* DialogVM.swift */ = {isa = PBXFileReference; lastKnownFileType = sourcecode.swift; path = DialogVM.swift; sourceTree = "<group>"; };
		0BB5CA5F2847B3A2007AC86D /* RecipeDetailsFooter.swift */ = {isa = PBXFileReference; lastKnownFileType = sourcecode.swift; path = RecipeDetailsFooter.swift; sourceTree = "<group>"; };
		0BB5CA622847B843007AC86D /* RecipeDetailsText.swift */ = {isa = PBXFileReference; lastKnownFileType = sourcecode.swift; path = RecipeDetailsText.swift; sourceTree = "<group>"; };
		0BB5CA6528489B60007AC86D /* RecipeDetailsDifficulty.swift */ = {isa = PBXFileReference; lastKnownFileType = sourcecode.swift; path = RecipeDetailsDifficulty.swift; sourceTree = "<group>"; };
		0BB5CA672848AF63007AC86D /* RecipeDetailsMoreInfo.swift */ = {isa = PBXFileReference; lastKnownFileType = sourcecode.swift; path = RecipeDetailsMoreInfo.swift; sourceTree = "<group>"; };
		0BE594132849050C00D146F8 /* FirstLetterCapitalizer.swift */ = {isa = PBXFileReference; lastKnownFileType = sourcecode.swift; path = FirstLetterCapitalizer.swift; sourceTree = "<group>"; };
		0BF5C6F72862163800C29CB6 /* BasketPreviewView.swift */ = {isa = PBXFileReference; lastKnownFileType = sourcecode.swift; path = BasketPreviewView.swift; sourceTree = "<group>"; };
		0BF5C6FB28621AB200C29CB6 /* BasketPreviewLoadingView.swift */ = {isa = PBXFileReference; lastKnownFileType = sourcecode.swift; path = BasketPreviewLoadingView.swift; sourceTree = "<group>"; };
		0BF81ACC286220AB00FEBB92 /* ProgressLoader.swift */ = {isa = PBXFileReference; lastKnownFileType = sourcecode.swift; path = ProgressLoader.swift; sourceTree = "<group>"; };
		0BFD39192860BB0500A7FCED /* RecipeCardLoadingView.swift */ = {isa = PBXFileReference; lastKnownFileType = sourcecode.swift; path = RecipeCardLoadingView.swift; sourceTree = "<group>"; };
		0BFD391C2860C14900A7FCED /* ManagementResourceState.swift */ = {isa = PBXFileReference; lastKnownFileType = sourcecode.swift; path = ManagementResourceState.swift; sourceTree = "<group>"; };
		0BFD39202860C70600A7FCED /* RecipeCardSuccessView.swift */ = {isa = PBXFileReference; lastKnownFileType = sourcecode.swift; path = RecipeCardSuccessView.swift; sourceTree = "<group>"; };
		521D6449282E30A00092AC52 /* IngredientRow.swift */ = {isa = PBXFileReference; lastKnownFileType = sourcecode.swift; path = IngredientRow.swift; sourceTree = "<group>"; };
		521D644B282E30C00092AC52 /* StepRow.swift */ = {isa = PBXFileReference; lastKnownFileType = sourcecode.swift; path = StepRow.swift; sourceTree = "<group>"; };
		521D6458283230BF0092AC52 /* BasketPreviewSuccessView.swift */ = {isa = PBXFileReference; lastKnownFileType = sourcecode.swift; path = BasketPreviewSuccessView.swift; sourceTree = "<group>"; };
		521D645A283230DA0092AC52 /* BasketPreviewRow.swift */ = {isa = PBXFileReference; lastKnownFileType = sourcecode.swift; path = BasketPreviewRow.swift; sourceTree = "<group>"; };
		521D645E283277B20092AC52 /* MyMealsView.swift */ = {isa = PBXFileReference; lastKnownFileType = sourcecode.swift; path = MyMealsView.swift; sourceTree = "<group>"; };
		521D6460283277D00092AC52 /* MyMealRow.swift */ = {isa = PBXFileReference; lastKnownFileType = sourcecode.swift; path = MyMealRow.swift; sourceTree = "<group>"; };
		521D6462283277EA0092AC52 /* MyMealItemRow.swift */ = {isa = PBXFileReference; lastKnownFileType = sourcecode.swift; path = MyMealItemRow.swift; sourceTree = "<group>"; };
		52991E8B282CCE22001738EF /* RecipeDetailsView.swift */ = {isa = PBXFileReference; fileEncoding = 4; lastKnownFileType = sourcecode.swift; path = RecipeDetailsView.swift; sourceTree = "<group>"; };
		BF1429B5284E11D600395C4B /* BasketPreviewViewModel.swift */ = {isa = PBXFileReference; lastKnownFileType = sourcecode.swift; path = BasketPreviewViewModel.swift; sourceTree = "<group>"; };
		BF1429B7284E4F0B00395C4B /* BasketPreviewFooter.swift */ = {isa = PBXFileReference; lastKnownFileType = sourcecode.swift; path = BasketPreviewFooter.swift; sourceTree = "<group>"; };
		BF25E1572864740900328B4B /* miam.xcassets */ = {isa = PBXFileReference; lastKnownFileType = folder.assetcatalog; path = miam.xcassets; sourceTree = "<group>"; };
		BF25E1602865B01B00328B4B /* CatalogVM.swift */ = {isa = PBXFileReference; lastKnownFileType = sourcecode.swift; path = CatalogVM.swift; sourceTree = "<group>"; };
		BF25E168286611B200328B4B /* RecipePageListVM.swift */ = {isa = PBXFileReference; lastKnownFileType = sourcecode.swift; path = RecipePageListVM.swift; sourceTree = "<group>"; };
		BF7B82CE2876DD1000DAC4F3 /* IconWithText.swift */ = {isa = PBXFileReference; lastKnownFileType = sourcecode.swift; path = IconWithText.swift; sourceTree = "<group>"; };
		BF882083287F0B8600D7353B /* TitleBarView.swift */ = {isa = PBXFileReference; lastKnownFileType = sourcecode.swift; path = TitleBarView.swift; sourceTree = "<group>"; };
		BF9335E5286ED80A002405EE /* CatalogFilterVM.swift */ = {isa = PBXFileReference; lastKnownFileType = sourcecode.swift; path = CatalogFilterVM.swift; sourceTree = "<group>"; };
		BFA507E4287C126B00F274CA /* CatalogFiltersView.swift */ = {isa = PBXFileReference; fileEncoding = 4; lastKnownFileType = sourcecode.swift; name = CatalogFiltersView.swift; path = MiamIOSFramework/ui/Catalog/CatalogFiltersView.swift; sourceTree = SOURCE_ROOT; };
		BFA507E5287C126B00F274CA /* CatalogLoadingView.swift */ = {isa = PBXFileReference; fileEncoding = 4; lastKnownFileType = sourcecode.swift; name = CatalogLoadingView.swift; path = MiamIOSFramework/ui/Catalog/CatalogLoadingView.swift; sourceTree = SOURCE_ROOT; };
		BFA507E6287C126B00F274CA /* CatalogRecipePageNoResults.swift */ = {isa = PBXFileReference; fileEncoding = 4; lastKnownFileType = sourcecode.swift; name = CatalogRecipePageNoResults.swift; path = MiamIOSFramework/ui/Catalog/CatalogRecipePageNoResults.swift; sourceTree = SOURCE_ROOT; };
		BFA507E7287C126B00F274CA /* CatalogRecipePageSuccessView.swift */ = {isa = PBXFileReference; fileEncoding = 4; lastKnownFileType = sourcecode.swift; name = CatalogRecipePageSuccessView.swift; path = MiamIOSFramework/ui/Catalog/CatalogRecipePageSuccessView.swift; sourceTree = SOURCE_ROOT; };
		BFA507E8287C126B00F274CA /* CatalogSearchView.swift */ = {isa = PBXFileReference; fileEncoding = 4; lastKnownFileType = sourcecode.swift; name = CatalogSearchView.swift; path = MiamIOSFramework/ui/Catalog/CatalogSearchView.swift; sourceTree = SOURCE_ROOT; };
		BFA507E9287C126B00F274CA /* CatalogView.swift */ = {isa = PBXFileReference; fileEncoding = 4; lastKnownFileType = sourcecode.swift; name = CatalogView.swift; path = MiamIOSFramework/ui/Catalog/CatalogView.swift; sourceTree = SOURCE_ROOT; };
		BFB3957A288ACE1E00D696D0 /* Bundle.swift */ = {isa = PBXFileReference; lastKnownFileType = sourcecode.swift; path = Bundle.swift; sourceTree = "<group>"; };
		BFD55AA1285B6E16009CBC1E /* MyMealVM.swift */ = {isa = PBXFileReference; lastKnownFileType = sourcecode.swift; path = MyMealVM.swift; sourceTree = "<group>"; };
		BFF5B65428534BA500CEC7C5 /* BasketPreviewHeader.swift */ = {isa = PBXFileReference; lastKnownFileType = sourcecode.swift; path = BasketPreviewHeader.swift; sourceTree = "<group>"; };
		BFF5B65628534F5800CEC7C5 /* IngredientNotInBasketRow.swift */ = {isa = PBXFileReference; lastKnownFileType = sourcecode.swift; path = IngredientNotInBasketRow.swift; sourceTree = "<group>"; };
		BFF5B65A2853932C00CEC7C5 /* BasketPreviewLine.swift */ = {isa = PBXFileReference; lastKnownFileType = sourcecode.swift; path = BasketPreviewLine.swift; sourceTree = "<group>"; };
		BFF70573289016C200CB4EC6 /* MiamIcons.swift */ = {isa = PBXFileReference; lastKnownFileType = sourcecode.swift; path = MiamIcons.swift; sourceTree = "<group>"; };
		BFF70575289018BB00CB4EC6 /* Image.swift */ = {isa = PBXFileReference; lastKnownFileType = sourcecode.swift; path = Image.swift; sourceTree = "<group>"; };
		DCD4E30027BE914A000D3EA6 /* MiamIOSFramework.framework */ = {isa = PBXFileReference; explicitFileType = wrapper.framework; includeInIndex = 0; path = MiamIOSFramework.framework; sourceTree = BUILT_PRODUCTS_DIR; };
		DCD4E30327BE914A000D3EA6 /* MiamIOSFramework.h */ = {isa = PBXFileReference; lastKnownFileType = sourcecode.c.h; path = MiamIOSFramework.h; sourceTree = "<group>"; };
		DCD4E30427BE914A000D3EA6 /* MiamIOSFramework.docc */ = {isa = PBXFileReference; lastKnownFileType = folder.documentationcatalog; path = MiamIOSFramework.docc; sourceTree = "<group>"; };
		DCD4E30A27BE914A000D3EA6 /* MiamIOSFrameworkTests.xctest */ = {isa = PBXFileReference; explicitFileType = wrapper.cfbundle; includeInIndex = 0; path = MiamIOSFrameworkTests.xctest; sourceTree = BUILT_PRODUCTS_DIR; };
		DCD4E30F27BE914A000D3EA6 /* MiamIOSFrameworkTests.swift */ = {isa = PBXFileReference; lastKnownFileType = sourcecode.swift; path = MiamIOSFrameworkTests.swift; sourceTree = "<group>"; };
		DCD4E31F27BE9339000D3EA6 /* RecipeCardVM.swift */ = {isa = PBXFileReference; lastKnownFileType = sourcecode.swift; path = RecipeCardVM.swift; sourceTree = "<group>"; };
		DCD4E32127BE935B000D3EA6 /* AsyncImage.swift */ = {isa = PBXFileReference; lastKnownFileType = sourcecode.swift; path = AsyncImage.swift; sourceTree = "<group>"; };
		DCD4E32327BE937F000D3EA6 /* RecipeCardView.swift */ = {isa = PBXFileReference; lastKnownFileType = sourcecode.swift; path = RecipeCardView.swift; sourceTree = "<group>"; };
/* End PBXFileReference section */

/* Begin PBXFrameworksBuildPhase section */
		DCD4E2FD27BE914A000D3EA6 /* Frameworks */ = {
			isa = PBXFrameworksBuildPhase;
			buildActionMask = 2147483647;
			files = (
			);
			runOnlyForDeploymentPostprocessing = 0;
		};
		DCD4E30727BE914A000D3EA6 /* Frameworks */ = {
			isa = PBXFrameworksBuildPhase;
			buildActionMask = 2147483647;
			files = (
				DCD4E30B27BE914A000D3EA6 /* MiamIOSFramework.framework in Frameworks */,
			);
			runOnlyForDeploymentPostprocessing = 0;
		};
/* End PBXFrameworksBuildPhase section */

/* Begin PBXGroup section */
		0B4B3E7B284FA6E000F25E7B /* ItemSelecor */ = {
			isa = PBXGroup;
			children = (
				0B4B3E7E284FA95B00F25E7B /* customization */,
				0B4B3E7C284FA6FF00F25E7B /* ItemSelector.swift */,
				0B4B3E812850918A00F25E7B /* ItemSelectorProductRow.swift */,
			);
			path = ItemSelecor;
			sourceTree = "<group>";
		};
		0B4B3E7E284FA95B00F25E7B /* customization */ = {
			isa = PBXGroup;
			children = (
				0B4B3E7F284FA99D00F25E7B /* ItemSelectorText.swift */,
			);
			path = customization;
			sourceTree = "<group>";
		};
		0B53251F2874897A001906CD /* likeButton */ = {
			isa = PBXGroup;
			children = (
				0B5325202874899E001906CD /* LikeButton.swift */,
			);
			path = likeButton;
			sourceTree = "<group>";
		};
		0B5325252876C6F3001906CD /* BasketTag */ = {
			isa = PBXGroup;
			children = (
				0B5325262876C70C001906CD /* BasketTag.swift */,
			);
			path = BasketTag;
			sourceTree = "<group>";
		};
		0B7C9BD728196A6300BFC7F8 /* RecipeCard */ = {
			isa = PBXGroup;
			children = (
				DCD4E32327BE937F000D3EA6 /* RecipeCardView.swift */,
				0B7C9BD828196ABF00BFC7F8 /* RecipeCardText.swift */,
				0BFD39192860BB0500A7FCED /* RecipeCardLoadingView.swift */,
				0BFD39202860C70600A7FCED /* RecipeCardSuccessView.swift */,
			);
			path = RecipeCard;
			sourceTree = "<group>";
		};
		0B7C9BDA28196B9300BFC7F8 /* theme */ = {
			isa = PBXGroup;
			children = (
				0B7C9BE32819933D00BFC7F8 /* MiamColor.swift */,
				0B7C9BF1281A7EF700BFC7F8 /* Dimension.swift */,
				0B7C9BF6281FCC6800BFC7F8 /* Template.swift */,
				BFF70573289016C200CB4EC6 /* MiamIcons.swift */,
			);
			path = theme;
			sourceTree = "<group>";
		};
		0B7C9BDD28196BED00BFC7F8 /* ressource */ = {
			isa = PBXGroup;
			children = (
				0B7C9BDB28196BAB00BFC7F8 /* Text.swift */,
			);
			path = ressource;
			sourceTree = "<group>";
		};
		0B7C9BDE28197A1700BFC7F8 /* Counter */ = {
			isa = PBXGroup;
			children = (
				0B7C9BDF28197A3600BFC7F8 /* CounterView.swift */,
				0B7C9BE12819929200BFC7F8 /* CounterColor.swift */,
				0B7C9BEF281A7CB400BFC7F8 /* CounterStyle.swift */,
			);
			path = Counter;
			sourceTree = "<group>";
		};
		0B7C9BF8282016BF00BFC7F8 /* Price */ = {
			isa = PBXGroup;
			children = (
				0B9AA665282017C5007D6C8A /* PriceView.swift */,
			);
			path = Price;
			sourceTree = "<group>";
		};
		0B9AA66B28215A69007D6C8A /* Dialog */ = {
			isa = PBXGroup;
			children = (
				0B9AA66C28215A83007D6C8A /* Dialog.swift */,
			);
			path = Dialog;
			sourceTree = "<group>";
		};
		0BB5CA612847B817007AC86D /* customization */ = {
			isa = PBXGroup;
			children = (
				0BB5CA622847B843007AC86D /* RecipeDetailsText.swift */,
			);
			path = customization;
			sourceTree = "<group>";
		};
		0BFD391B2860C12700A7FCED /* state */ = {
			isa = PBXGroup;
			children = (
				0BFD391C2860C14900A7FCED /* ManagementResourceState.swift */,
			);
			path = state;
			sourceTree = "<group>";
		};
		521D6457283230B90092AC52 /* BasketPreview */ = {
			isa = PBXGroup;
			children = (
				521D6458283230BF0092AC52 /* BasketPreviewSuccessView.swift */,
				521D645A283230DA0092AC52 /* BasketPreviewRow.swift */,
				BF1429B7284E4F0B00395C4B /* BasketPreviewFooter.swift */,
				BFF5B65428534BA500CEC7C5 /* BasketPreviewHeader.swift */,
				BFF5B65628534F5800CEC7C5 /* IngredientNotInBasketRow.swift */,
				0BF5C6F72862163800C29CB6 /* BasketPreviewView.swift */,
				0BF5C6FB28621AB200C29CB6 /* BasketPreviewLoadingView.swift */,
			);
			path = BasketPreview;
			sourceTree = "<group>";
		};
		521D645D283277A60092AC52 /* MyMealsView */ = {
			isa = PBXGroup;
			children = (
				521D645E283277B20092AC52 /* MyMealsView.swift */,
				521D6460283277D00092AC52 /* MyMealRow.swift */,
				521D6462283277EA0092AC52 /* MyMealItemRow.swift */,
				0B61EB4A288992AB002E44FB /* MyMealSuccessView.swift */,
				0B61EB4C2889943C002E44FB /* MyMealLoadingView.swift */,
				0B61EB4E28899488002E44FB /* MyMealEmptyView.swift */,
			);
			path = MyMealsView;
			sourceTree = "<group>";
		};
		52991E8A282CCE22001738EF /* RecipeDetails */ = {
			isa = PBXGroup;
			children = (
				0BB5CA612847B817007AC86D /* customization */,
				52991E8B282CCE22001738EF /* RecipeDetailsView.swift */,
				521D6449282E30A00092AC52 /* IngredientRow.swift */,
				521D644B282E30C00092AC52 /* StepRow.swift */,
				0BB5CA5F2847B3A2007AC86D /* RecipeDetailsFooter.swift */,
				0BB5CA6528489B60007AC86D /* RecipeDetailsDifficulty.swift */,
				0BB5CA672848AF63007AC86D /* RecipeDetailsMoreInfo.swift */,
			);
			path = RecipeDetails;
			sourceTree = "<group>";
		};
		BF25E1592864950700328B4B /* Catalog */ = {
			isa = PBXGroup;
			children = (
				BFA507E4287C126B00F274CA /* CatalogFiltersView.swift */,
				BFA507E5287C126B00F274CA /* CatalogLoadingView.swift */,
				BFA507E6287C126B00F274CA /* CatalogRecipePageNoResults.swift */,
				BFA507E7287C126B00F274CA /* CatalogRecipePageSuccessView.swift */,
				BFA507E8287C126B00F274CA /* CatalogSearchView.swift */,
				BFA507E9287C126B00F274CA /* CatalogView.swift */,
			);
			path = Catalog;
			sourceTree = "<unknown>";
		};
		BF7B82CD2876DCFC00DAC4F3 /* iconWithText */ = {
			isa = PBXGroup;
			children = (
				BF7B82CE2876DD1000DAC4F3 /* IconWithText.swift */,
			);
			path = iconWithText;
			sourceTree = "<group>";
		};
		BF882082287F0B6100D7353B /* Common */ = {
			isa = PBXGroup;
			children = (
				BF882083287F0B8600D7353B /* TitleBarView.swift */,
			);
			path = Common;
			sourceTree = "<group>";
		};
		BFB39579288A9DCE00D696D0 /* Extensions */ = {
			isa = PBXGroup;
			children = (
				0B7C9BED2819A11E00BFC7F8 /* Color.swift */,
				BFB3957A288ACE1E00D696D0 /* Bundle.swift */,
				BFF70575289018BB00CB4EC6 /* Image.swift */,
			);
			path = Extensions;
			sourceTree = "<group>";
		};
		DCD4E2F627BE914A000D3EA6 = {
			isa = PBXGroup;
			children = (
				BF25E1572864740900328B4B /* miam.xcassets */,
				DCD4E30227BE914A000D3EA6 /* MiamIOSFramework */,
				DCD4E30E27BE914A000D3EA6 /* MiamIOSFrameworkTests */,
				DCD4E30127BE914A000D3EA6 /* Products */,
				DCD4E32527BE9657000D3EA6 /* Frameworks */,
			);
			sourceTree = "<group>";
		};
		DCD4E30127BE914A000D3EA6 /* Products */ = {
			isa = PBXGroup;
			children = (
				DCD4E30027BE914A000D3EA6 /* MiamIOSFramework.framework */,
				DCD4E30A27BE914A000D3EA6 /* MiamIOSFrameworkTests.xctest */,
			);
			name = Products;
			sourceTree = "<group>";
		};
		DCD4E30227BE914A000D3EA6 /* MiamIOSFramework */ = {
			isa = PBXGroup;
			children = (
				BFB39579288A9DCE00D696D0 /* Extensions */,
				0B7C9BDD28196BED00BFC7F8 /* ressource */,
				0B7C9BDA28196B9300BFC7F8 /* theme */,
				DCD4E31E27BE92C8000D3EA6 /* ViewModels */,
				DCD4E31D27BE92B2000D3EA6 /* utils */,
				DCD4E31C27BE92AC000D3EA6 /* ui */,
				DCD4E30327BE914A000D3EA6 /* MiamIOSFramework.h */,
				DCD4E30427BE914A000D3EA6 /* MiamIOSFramework.docc */,
			);
			path = MiamIOSFramework;
			sourceTree = "<group>";
		};
		DCD4E30E27BE914A000D3EA6 /* MiamIOSFrameworkTests */ = {
			isa = PBXGroup;
			children = (
				DCD4E30F27BE914A000D3EA6 /* MiamIOSFrameworkTests.swift */,
			);
			path = MiamIOSFrameworkTests;
			sourceTree = "<group>";
		};
		DCD4E31C27BE92AC000D3EA6 /* ui */ = {
			isa = PBXGroup;
			children = (
				0B5325252876C6F3001906CD /* BasketTag */,
				BF882082287F0B6100D7353B /* Common */,
				BF25E1592864950700328B4B /* Catalog */,
				BF7B82CD2876DCFC00DAC4F3 /* iconWithText */,
				0B53251F2874897A001906CD /* likeButton */,
				0BFD391B2860C12700A7FCED /* state */,
				0B4B3E7B284FA6E000F25E7B /* ItemSelecor */,
				0B9AA66B28215A69007D6C8A /* Dialog */,
				521D645D283277A60092AC52 /* MyMealsView */,
				521D6457283230B90092AC52 /* BasketPreview */,
				52991E8A282CCE22001738EF /* RecipeDetails */,
				0B7C9BF8282016BF00BFC7F8 /* Price */,
				0B7C9BDE28197A1700BFC7F8 /* Counter */,
				0B7C9BD728196A6300BFC7F8 /* RecipeCard */,
			);
			path = ui;
			sourceTree = "<group>";
		};
		DCD4E31D27BE92B2000D3EA6 /* utils */ = {
			isa = PBXGroup;
			children = (
				DCD4E32127BE935B000D3EA6 /* AsyncImage.swift */,
				0BE594132849050C00D146F8 /* FirstLetterCapitalizer.swift */,
				BFF5B65A2853932C00CEC7C5 /* BasketPreviewLine.swift */,
				0BF81ACC286220AB00FEBB92 /* ProgressLoader.swift */,
			);
			path = utils;
			sourceTree = "<group>";
		};
		DCD4E31E27BE92C8000D3EA6 /* ViewModels */ = {
			isa = PBXGroup;
			children = (
				DCD4E31F27BE9339000D3EA6 /* RecipeCardVM.swift */,
				0B9AA667282019D2007D6C8A /* PriceVM.swift */,
				0B9AA66E28215B4D007D6C8A /* DialogVM.swift */,
				0B4B3E83285099EA00F25E7B /* ItemSelectorVM.swift */,
				BF1429B5284E11D600395C4B /* BasketPreviewViewModel.swift */,
				BFD55AA1285B6E16009CBC1E /* MyMealVM.swift */,
				0B5325232876B9ED001906CD /* BasketTagVM.swift */,
				BF25E1602865B01B00328B4B /* CatalogVM.swift */,
				BF25E168286611B200328B4B /* RecipePageListVM.swift */,
				BF9335E5286ED80A002405EE /* CatalogFilterVM.swift */,
			);
			path = ViewModels;
			sourceTree = "<group>";
		};
		DCD4E32527BE9657000D3EA6 /* Frameworks */ = {
			isa = PBXGroup;
			children = (
			);
			name = Frameworks;
			sourceTree = "<group>";
		};
/* End PBXGroup section */

/* Begin PBXHeadersBuildPhase section */
		DCD4E2FB27BE914A000D3EA6 /* Headers */ = {
			isa = PBXHeadersBuildPhase;
			buildActionMask = 2147483647;
			files = (
				DCD4E31127BE914A000D3EA6 /* MiamIOSFramework.h in Headers */,
			);
			runOnlyForDeploymentPostprocessing = 0;
		};
/* End PBXHeadersBuildPhase section */

/* Begin PBXNativeTarget section */
		DCD4E2FF27BE914A000D3EA6 /* MiamIOSFramework */ = {
			isa = PBXNativeTarget;
			buildConfigurationList = DCD4E31427BE914A000D3EA6 /* Build configuration list for PBXNativeTarget "MiamIOSFramework" */;
			buildPhases = (
				0BFD23B727FDDA9D00A50FE7 /* ShellScript */,
				DCD4E2FB27BE914A000D3EA6 /* Headers */,
				DCD4E2FC27BE914A000D3EA6 /* Sources */,
				DCD4E2FD27BE914A000D3EA6 /* Frameworks */,
				DCD4E2FE27BE914A000D3EA6 /* Resources */,
			);
			buildRules = (
			);
			dependencies = (
			);
			name = MiamIOSFramework;
			productName = MiamIOSFramework;
			productReference = DCD4E30027BE914A000D3EA6 /* MiamIOSFramework.framework */;
			productType = "com.apple.product-type.framework";
		};
		DCD4E30927BE914A000D3EA6 /* MiamIOSFrameworkTests */ = {
			isa = PBXNativeTarget;
			buildConfigurationList = DCD4E31727BE914A000D3EA6 /* Build configuration list for PBXNativeTarget "MiamIOSFrameworkTests" */;
			buildPhases = (
				DCD4E30627BE914A000D3EA6 /* Sources */,
				DCD4E30727BE914A000D3EA6 /* Frameworks */,
				DCD4E30827BE914A000D3EA6 /* Resources */,
			);
			buildRules = (
			);
			dependencies = (
				DCD4E30D27BE914A000D3EA6 /* PBXTargetDependency */,
			);
			name = MiamIOSFrameworkTests;
			productName = MiamIOSFrameworkTests;
			productReference = DCD4E30A27BE914A000D3EA6 /* MiamIOSFrameworkTests.xctest */;
			productType = "com.apple.product-type.bundle.unit-test";
		};
/* End PBXNativeTarget section */

/* Begin PBXProject section */
		DCD4E2F727BE914A000D3EA6 /* Project object */ = {
			isa = PBXProject;
			attributes = {
				BuildIndependentTargetsInParallel = 1;
				LastSwiftUpdateCheck = 1320;
				LastUpgradeCheck = 1330;
				TargetAttributes = {
					DCD4E2FF27BE914A000D3EA6 = {
						CreatedOnToolsVersion = 13.2.1;
					};
					DCD4E30927BE914A000D3EA6 = {
						CreatedOnToolsVersion = 13.2.1;
					};
				};
			};
			buildConfigurationList = DCD4E2FA27BE914A000D3EA6 /* Build configuration list for PBXProject "MiamIOSFramework" */;
			compatibilityVersion = "Xcode 13.0";
			developmentRegion = en;
			hasScannedForEncodings = 0;
			knownRegions = (
				en,
				Base,
			);
			mainGroup = DCD4E2F627BE914A000D3EA6;
			productRefGroup = DCD4E30127BE914A000D3EA6 /* Products */;
			projectDirPath = "";
			projectRoot = "";
			targets = (
				DCD4E2FF27BE914A000D3EA6 /* MiamIOSFramework */,
				DCD4E30927BE914A000D3EA6 /* MiamIOSFrameworkTests */,
			);
		};
/* End PBXProject section */

/* Begin PBXResourcesBuildPhase section */
		DCD4E2FE27BE914A000D3EA6 /* Resources */ = {
			isa = PBXResourcesBuildPhase;
			buildActionMask = 2147483647;
			files = (
				BF25E1582864740900328B4B /* miam.xcassets in Resources */,
			);
			runOnlyForDeploymentPostprocessing = 0;
		};
		DCD4E30827BE914A000D3EA6 /* Resources */ = {
			isa = PBXResourcesBuildPhase;
			buildActionMask = 2147483647;
			files = (
			);
			runOnlyForDeploymentPostprocessing = 0;
		};
/* End PBXResourcesBuildPhase section */

/* Begin PBXShellScriptBuildPhase section */
		0BFD23B727FDDA9D00A50FE7 /* ShellScript */ = {
			isa = PBXShellScriptBuildPhase;
			buildActionMask = 2147483647;
			files = (
			);
			inputFileListPaths = (
			);
			inputPaths = (
			);
			outputFileListPaths = (
			);
			outputPaths = (
			);
			runOnlyForDeploymentPostprocessing = 0;
			shellPath = /bin/sh;
			shellScript = "cd \"$SRCROOT/..\"\n./gradlew :miamCore:embedAndSignAppleFrameworkForXcode\n\n";
		};
/* End PBXShellScriptBuildPhase section */

/* Begin PBXSourcesBuildPhase section */
		DCD4E2FC27BE914A000D3EA6 /* Sources */ = {
			isa = PBXSourcesBuildPhase;
			buildActionMask = 2147483647;
			files = (
				0B5325212874899E001906CD /* LikeButton.swift in Sources */,
				521D645F283277B20092AC52 /* MyMealsView.swift in Sources */,
				BFF70574289016C200CB4EC6 /* MiamIcons.swift in Sources */,
				0BB5CA602847B3A2007AC86D /* RecipeDetailsFooter.swift in Sources */,
				0B7C9BE42819933D00BFC7F8 /* MiamColor.swift in Sources */,
				0B4B3E84285099EA00F25E7B /* ItemSelectorVM.swift in Sources */,
				0B4B3E7D284FA6FF00F25E7B /* ItemSelector.swift in Sources */,
				0BE594142849050C00D146F8 /* FirstLetterCapitalizer.swift in Sources */,
				BFA507EB287C126B00F274CA /* CatalogLoadingView.swift in Sources */,
				0B7C9BD928196ABF00BFC7F8 /* RecipeCardText.swift in Sources */,
				0B61EB4F28899488002E44FB /* MyMealEmptyView.swift in Sources */,
				0BB5CA682848AF63007AC86D /* RecipeDetailsMoreInfo.swift in Sources */,
				0B9AA668282019D2007D6C8A /* PriceVM.swift in Sources */,
				BF25E1612865B01B00328B4B /* CatalogVM.swift in Sources */,
				0BF5C6F82862163800C29CB6 /* BasketPreviewView.swift in Sources */,
				BFA507EF287C126B00F274CA /* CatalogView.swift in Sources */,
				521D6459283230BF0092AC52 /* BasketPreviewSuccessView.swift in Sources */,
				BFA507ED287C126B00F274CA /* CatalogRecipePageSuccessView.swift in Sources */,
				0B4B3E80284FA99D00F25E7B /* ItemSelectorText.swift in Sources */,
				BF882084287F0B8600D7353B /* TitleBarView.swift in Sources */,
				521D6459283230BF0092AC52 /* BasketPreviewSuccessView.swift in Sources */,
				0B7C9BF7281FCC6800BFC7F8 /* Template.swift in Sources */,
				521D6461283277D00092AC52 /* MyMealRow.swift in Sources */,
				DCD4E32227BE935B000D3EA6 /* AsyncImage.swift in Sources */,
				0B7C9BEE2819A11E00BFC7F8 /* Color.swift in Sources */,
				BFF70576289018BB00CB4EC6 /* Image.swift in Sources */,
				0B4B3E822850918A00F25E7B /* ItemSelectorProductRow.swift in Sources */,
				DCD4E32427BE937F000D3EA6 /* RecipeCardView.swift in Sources */,
				0B9AA66D28215A83007D6C8A /* Dialog.swift in Sources */,
				0B61EB4D2889943C002E44FB /* MyMealLoadingView.swift in Sources */,
				0B5325242876B9ED001906CD /* BasketTagVM.swift in Sources */,
				0B7C9BE028197A3600BFC7F8 /* CounterView.swift in Sources */,
				521D644C282E30C00092AC52 /* StepRow.swift in Sources */,
				BFB3957B288ACE1E00D696D0 /* Bundle.swift in Sources */,
				BF7B82CF2876DD1000DAC4F3 /* IconWithText.swift in Sources */,
				BFA507EE287C126B00F274CA /* CatalogSearchView.swift in Sources */,
				0BB5CA632847B843007AC86D /* RecipeDetailsText.swift in Sources */,
				0BFD391A2860BB0500A7FCED /* RecipeCardLoadingView.swift in Sources */,
				0BFD391D2860C14900A7FCED /* ManagementResourceState.swift in Sources */,
				521D644A282E30A00092AC52 /* IngredientRow.swift in Sources */,
				BF1429B6284E11D600395C4B /* BasketPreviewViewModel.swift in Sources */,
				BF1429B6284E11D600395C4B /* BasketPreviewViewModel.swift in Sources */,
				0BF5C6FC28621AB200C29CB6 /* BasketPreviewLoadingView.swift in Sources */,
				BFF5B65528534BA500CEC7C5 /* BasketPreviewHeader.swift in Sources */,
				BFF5B65B2853932C00CEC7C5 /* BasketPreviewLine.swift in Sources */,
				0B7C9BF0281A7CB400BFC7F8 /* CounterStyle.swift in Sources */,
				0B9AA666282017C5007D6C8A /* PriceView.swift in Sources */,
				BFA507EA287C126B00F274CA /* CatalogFiltersView.swift in Sources */,
				0B61EB4B288992AB002E44FB /* MyMealSuccessView.swift in Sources */,
				0B7C9BE22819929200BFC7F8 /* CounterColor.swift in Sources */,
				0B5325272876C70C001906CD /* BasketTag.swift in Sources */,
				0BFD39212860C70600A7FCED /* RecipeCardSuccessView.swift in Sources */,
				BFF5B65728534F5800CEC7C5 /* IngredientNotInBasketRow.swift in Sources */,
				0B9AA66F28215B4D007D6C8A /* DialogVM.swift in Sources */,
				BFD55AA2285B6E16009CBC1E /* MyMealVM.swift in Sources */,
				52991E8C282CCE22001738EF /* RecipeDetailsView.swift in Sources */,
				0B7C9BF2281A7EF700BFC7F8 /* Dimension.swift in Sources */,
				BF9335E6286ED80A002405EE /* CatalogFilterVM.swift in Sources */,
				BF25E169286611B200328B4B /* RecipePageListVM.swift in Sources */,
				BFA507EC287C126B00F274CA /* CatalogRecipePageNoResults.swift in Sources */,
				0BF81ACD286220AB00FEBB92 /* ProgressLoader.swift in Sources */,
				521D645B283230DA0092AC52 /* BasketPreviewRow.swift in Sources */,
				DCD4E32027BE9339000D3EA6 /* RecipeCardVM.swift in Sources */,
				0B7C9BDC28196BAB00BFC7F8 /* Text.swift in Sources */,
				DCD4E30527BE914A000D3EA6 /* MiamIOSFramework.docc in Sources */,
				521D6463283277EA0092AC52 /* MyMealItemRow.swift in Sources */,
				BF1429B8284E4F0B00395C4B /* BasketPreviewFooter.swift in Sources */,
				0BB5CA6628489B60007AC86D /* RecipeDetailsDifficulty.swift in Sources */,
				BF1429B8284E4F0B00395C4B /* BasketPreviewFooter.swift in Sources */,
			);
			runOnlyForDeploymentPostprocessing = 0;
		};
		DCD4E30627BE914A000D3EA6 /* Sources */ = {
			isa = PBXSourcesBuildPhase;
			buildActionMask = 2147483647;
			files = (
				DCD4E31027BE914A000D3EA6 /* MiamIOSFrameworkTests.swift in Sources */,
			);
			runOnlyForDeploymentPostprocessing = 0;
		};
/* End PBXSourcesBuildPhase section */

/* Begin PBXTargetDependency section */
		DCD4E30D27BE914A000D3EA6 /* PBXTargetDependency */ = {
			isa = PBXTargetDependency;
			target = DCD4E2FF27BE914A000D3EA6 /* MiamIOSFramework */;
			targetProxy = DCD4E30C27BE914A000D3EA6 /* PBXContainerItemProxy */;
		};
/* End PBXTargetDependency section */

/* Begin XCBuildConfiguration section */
		DCD4E31227BE914A000D3EA6 /* Debug */ = {
			isa = XCBuildConfiguration;
			buildSettings = {
				ALWAYS_SEARCH_USER_PATHS = NO;
				CLANG_ANALYZER_NONNULL = YES;
				CLANG_ANALYZER_NUMBER_OBJECT_CONVERSION = YES_AGGRESSIVE;
				CLANG_CXX_LANGUAGE_STANDARD = "gnu++17";
				CLANG_CXX_LIBRARY = "libc++";
				CLANG_ENABLE_MODULES = YES;
				CLANG_ENABLE_OBJC_ARC = YES;
				CLANG_ENABLE_OBJC_WEAK = YES;
				CLANG_WARN_BLOCK_CAPTURE_AUTORELEASING = YES;
				CLANG_WARN_BOOL_CONVERSION = YES;
				CLANG_WARN_COMMA = YES;
				CLANG_WARN_CONSTANT_CONVERSION = YES;
				CLANG_WARN_DEPRECATED_OBJC_IMPLEMENTATIONS = YES;
				CLANG_WARN_DIRECT_OBJC_ISA_USAGE = YES_ERROR;
				CLANG_WARN_DOCUMENTATION_COMMENTS = YES;
				CLANG_WARN_EMPTY_BODY = YES;
				CLANG_WARN_ENUM_CONVERSION = YES;
				CLANG_WARN_INFINITE_RECURSION = YES;
				CLANG_WARN_INT_CONVERSION = YES;
				CLANG_WARN_NON_LITERAL_NULL_CONVERSION = YES;
				CLANG_WARN_OBJC_IMPLICIT_RETAIN_SELF = YES;
				CLANG_WARN_OBJC_LITERAL_CONVERSION = YES;
				CLANG_WARN_OBJC_ROOT_CLASS = YES_ERROR;
				CLANG_WARN_QUOTED_INCLUDE_IN_FRAMEWORK_HEADER = YES;
				CLANG_WARN_RANGE_LOOP_ANALYSIS = YES;
				CLANG_WARN_STRICT_PROTOTYPES = YES;
				CLANG_WARN_SUSPICIOUS_MOVE = YES;
				CLANG_WARN_UNGUARDED_AVAILABILITY = YES_AGGRESSIVE;
				CLANG_WARN_UNREACHABLE_CODE = YES;
				CLANG_WARN__DUPLICATE_METHOD_MATCH = YES;
				COPY_PHASE_STRIP = NO;
				CURRENT_PROJECT_VERSION = 1;
				DEBUG_INFORMATION_FORMAT = dwarf;
				ENABLE_STRICT_OBJC_MSGSEND = YES;
				ENABLE_TESTABILITY = YES;
				GCC_C_LANGUAGE_STANDARD = gnu11;
				GCC_DYNAMIC_NO_PIC = NO;
				GCC_NO_COMMON_BLOCKS = YES;
				GCC_OPTIMIZATION_LEVEL = 0;
				GCC_PREPROCESSOR_DEFINITIONS = (
					"DEBUG=1",
					"$(inherited)",
				);
				GCC_WARN_64_TO_32_BIT_CONVERSION = YES;
				GCC_WARN_ABOUT_RETURN_TYPE = YES_ERROR;
				GCC_WARN_UNDECLARED_SELECTOR = YES;
				GCC_WARN_UNINITIALIZED_AUTOS = YES_AGGRESSIVE;
				GCC_WARN_UNUSED_FUNCTION = YES;
				GCC_WARN_UNUSED_VARIABLE = YES;
				IPHONEOS_DEPLOYMENT_TARGET = 14.0;
				MTL_ENABLE_DEBUG_INFO = INCLUDE_SOURCE;
				MTL_FAST_MATH = YES;
				ONLY_ACTIVE_ARCH = YES;
				SDKROOT = iphoneos;
				SWIFT_ACTIVE_COMPILATION_CONDITIONS = DEBUG;
				SWIFT_OPTIMIZATION_LEVEL = "-Onone";
				VERSIONING_SYSTEM = "apple-generic";
				VERSION_INFO_PREFIX = "";
			};
			name = Debug;
		};
		DCD4E31327BE914A000D3EA6 /* Release */ = {
			isa = XCBuildConfiguration;
			buildSettings = {
				ALWAYS_SEARCH_USER_PATHS = NO;
				CLANG_ANALYZER_NONNULL = YES;
				CLANG_ANALYZER_NUMBER_OBJECT_CONVERSION = YES_AGGRESSIVE;
				CLANG_CXX_LANGUAGE_STANDARD = "gnu++17";
				CLANG_CXX_LIBRARY = "libc++";
				CLANG_ENABLE_MODULES = YES;
				CLANG_ENABLE_OBJC_ARC = YES;
				CLANG_ENABLE_OBJC_WEAK = YES;
				CLANG_WARN_BLOCK_CAPTURE_AUTORELEASING = YES;
				CLANG_WARN_BOOL_CONVERSION = YES;
				CLANG_WARN_COMMA = YES;
				CLANG_WARN_CONSTANT_CONVERSION = YES;
				CLANG_WARN_DEPRECATED_OBJC_IMPLEMENTATIONS = YES;
				CLANG_WARN_DIRECT_OBJC_ISA_USAGE = YES_ERROR;
				CLANG_WARN_DOCUMENTATION_COMMENTS = YES;
				CLANG_WARN_EMPTY_BODY = YES;
				CLANG_WARN_ENUM_CONVERSION = YES;
				CLANG_WARN_INFINITE_RECURSION = YES;
				CLANG_WARN_INT_CONVERSION = YES;
				CLANG_WARN_NON_LITERAL_NULL_CONVERSION = YES;
				CLANG_WARN_OBJC_IMPLICIT_RETAIN_SELF = YES;
				CLANG_WARN_OBJC_LITERAL_CONVERSION = YES;
				CLANG_WARN_OBJC_ROOT_CLASS = YES_ERROR;
				CLANG_WARN_QUOTED_INCLUDE_IN_FRAMEWORK_HEADER = YES;
				CLANG_WARN_RANGE_LOOP_ANALYSIS = YES;
				CLANG_WARN_STRICT_PROTOTYPES = YES;
				CLANG_WARN_SUSPICIOUS_MOVE = YES;
				CLANG_WARN_UNGUARDED_AVAILABILITY = YES_AGGRESSIVE;
				CLANG_WARN_UNREACHABLE_CODE = YES;
				CLANG_WARN__DUPLICATE_METHOD_MATCH = YES;
				COPY_PHASE_STRIP = NO;
				CURRENT_PROJECT_VERSION = 1;
				DEBUG_INFORMATION_FORMAT = "dwarf-with-dsym";
				ENABLE_NS_ASSERTIONS = NO;
				ENABLE_STRICT_OBJC_MSGSEND = YES;
				GCC_C_LANGUAGE_STANDARD = gnu11;
				GCC_NO_COMMON_BLOCKS = YES;
				GCC_WARN_64_TO_32_BIT_CONVERSION = YES;
				GCC_WARN_ABOUT_RETURN_TYPE = YES_ERROR;
				GCC_WARN_UNDECLARED_SELECTOR = YES;
				GCC_WARN_UNINITIALIZED_AUTOS = YES_AGGRESSIVE;
				GCC_WARN_UNUSED_FUNCTION = YES;
				GCC_WARN_UNUSED_VARIABLE = YES;
				IPHONEOS_DEPLOYMENT_TARGET = 14.0;
				MTL_ENABLE_DEBUG_INFO = NO;
				MTL_FAST_MATH = YES;
				SDKROOT = iphoneos;
				SWIFT_COMPILATION_MODE = wholemodule;
				SWIFT_OPTIMIZATION_LEVEL = "-O";
				VALIDATE_PRODUCT = YES;
				VERSIONING_SYSTEM = "apple-generic";
				VERSION_INFO_PREFIX = "";
			};
			name = Release;
		};
		DCD4E31527BE914A000D3EA6 /* Debug */ = {
			isa = XCBuildConfiguration;
			buildSettings = {
				BUILD_LIBRARY_FOR_DISTRIBUTION = YES;
				CODE_SIGN_IDENTITY = "Apple Development";
				CODE_SIGN_STYLE = Manual;
				CURRENT_PROJECT_VERSION = 1;
				DEFINES_MODULE = YES;
				DEVELOPMENT_TEAM = VLHN7Y8965;
				DYLIB_COMPATIBILITY_VERSION = 1;
				DYLIB_CURRENT_VERSION = 1;
				DYLIB_INSTALL_NAME_BASE = "@rpath";
				"EXCLUDED_ARCHS[sdk=iphonesimulator*]" = arm64;
				FRAMEWORK_SEARCH_PATHS = "$(SRCROOT)/../miamCore/build/xcode-frameworks/$(CONFIGURATION)/$(SDK_NAME)";
				GENERATE_INFOPLIST_FILE = YES;
				INFOPLIST_KEY_NSHumanReadableCopyright = "";
				INSTALL_PATH = "$(LOCAL_LIBRARY_DIR)/Frameworks";
				IPHONEOS_DEPLOYMENT_TARGET = 11.0;
				LD_RUNPATH_SEARCH_PATHS = (
					"$(inherited)",
					"@executable_path/Frameworks",
					"@loader_path/Frameworks",
				);
				MARKETING_VERSION = 1.0;
				OTHER_LDFLAGS = (
					"-framework",
					miamCore,
				);
				PRODUCT_BUNDLE_IDENTIFIER = com.miam.MiamIOSFramework;
				PRODUCT_NAME = "$(TARGET_NAME:c99extidentifier)";
				PROVISIONING_PROFILE_SPECIFIER = "";
				SKIP_INSTALL = YES;
				SUPPORTS_MACCATALYST = NO;
				SWIFT_EMIT_LOC_STRINGS = YES;
				SWIFT_VERSION = 5.0;
				TARGETED_DEVICE_FAMILY = "1,2";
			};
			name = Debug;
		};
		DCD4E31627BE914A000D3EA6 /* Release */ = {
			isa = XCBuildConfiguration;
			buildSettings = {
				BUILD_LIBRARY_FOR_DISTRIBUTION = YES;
				CODE_SIGN_IDENTITY = "Apple Development";
				CODE_SIGN_STYLE = Manual;
				CURRENT_PROJECT_VERSION = 1;
				DEFINES_MODULE = YES;
				DEVELOPMENT_TEAM = VLHN7Y8965;
				DYLIB_COMPATIBILITY_VERSION = 1;
				DYLIB_CURRENT_VERSION = 1;
				DYLIB_INSTALL_NAME_BASE = "@rpath";
				"EXCLUDED_ARCHS[sdk=iphonesimulator*]" = arm64;
				FRAMEWORK_SEARCH_PATHS = "$(SRCROOT)/../miamCore/build/xcode-frameworks/$(CONFIGURATION)/$(SDK_NAME)";
				GENERATE_INFOPLIST_FILE = YES;
				INFOPLIST_KEY_NSHumanReadableCopyright = "";
				INSTALL_PATH = "$(LOCAL_LIBRARY_DIR)/Frameworks";
				IPHONEOS_DEPLOYMENT_TARGET = 11.0;
				LD_RUNPATH_SEARCH_PATHS = (
					"$(inherited)",
					"@executable_path/Frameworks",
					"@loader_path/Frameworks",
				);
				MARKETING_VERSION = 1.0;
				OTHER_LDFLAGS = (
					"-framework",
					miamCore,
				);
				PRODUCT_BUNDLE_IDENTIFIER = com.miam.MiamIOSFramework;
				PRODUCT_NAME = "$(TARGET_NAME:c99extidentifier)";
				PROVISIONING_PROFILE_SPECIFIER = "";
				SKIP_INSTALL = YES;
				SUPPORTS_MACCATALYST = NO;
				SWIFT_EMIT_LOC_STRINGS = YES;
				SWIFT_VERSION = 5.0;
				TARGETED_DEVICE_FAMILY = "1,2";
			};
			name = Release;
		};
		DCD4E31827BE914A000D3EA6 /* Debug */ = {
			isa = XCBuildConfiguration;
			buildSettings = {
				ALWAYS_EMBED_SWIFT_STANDARD_LIBRARIES = YES;
				"CODE_SIGN_IDENTITY[sdk=macosx*]" = "Apple Development";
				CODE_SIGN_STYLE = Automatic;
				CURRENT_PROJECT_VERSION = 1;
				DEVELOPMENT_TEAM = VLHN7Y8965;
				FRAMEWORK_SEARCH_PATHS = (
					"$(SRCROOT)/../shared/build/xcode-frameworks/$(CONFIGURATION)/$(SDK_NAME)\n$(SRCROOT)/../shared/build/xcode-frameworks/$(CONFIGURATION)/$(SDK_NAME)\n$(SRCROOT)/../shared/build/xcode-frameworks/$(CONFIGURATION)/$(SDK_NAME)\n$(SRCROOT)/../shared/build/xcode-frameworks/$(CONFIGURATION)/$(SDK_NAME)\n$(SRCROOT)/../shared/build/xcode-frameworks/$(CONFIGURATION)/$(SDK_NAME)",
				);
				GENERATE_INFOPLIST_FILE = YES;
				MARKETING_VERSION = 1.0;
				OTHER_LDFLAGS = (
					"$(inherited)",
					"-framework",
					shared,
				);
				PRODUCT_BUNDLE_IDENTIFIER = com.miam.MiamIOSFrameworkTests;
				PRODUCT_NAME = "$(TARGET_NAME)";
				SWIFT_EMIT_LOC_STRINGS = NO;
				SWIFT_VERSION = 5.0;
				TARGETED_DEVICE_FAMILY = "1,2";
			};
			name = Debug;
		};
		DCD4E31927BE914A000D3EA6 /* Release */ = {
			isa = XCBuildConfiguration;
			buildSettings = {
				ALWAYS_EMBED_SWIFT_STANDARD_LIBRARIES = YES;
				"CODE_SIGN_IDENTITY[sdk=macosx*]" = "Apple Development";
				CODE_SIGN_STYLE = Automatic;
				CURRENT_PROJECT_VERSION = 1;
				DEVELOPMENT_TEAM = VLHN7Y8965;
				FRAMEWORK_SEARCH_PATHS = (
					"$(SRCROOT)/../shared/build/xcode-frameworks/$(CONFIGURATION)/$(SDK_NAME)\n$(SRCROOT)/../shared/build/xcode-frameworks/$(CONFIGURATION)/$(SDK_NAME)\n$(SRCROOT)/../shared/build/xcode-frameworks/$(CONFIGURATION)/$(SDK_NAME)\n$(SRCROOT)/../shared/build/xcode-frameworks/$(CONFIGURATION)/$(SDK_NAME)\n$(SRCROOT)/../shared/build/xcode-frameworks/$(CONFIGURATION)/$(SDK_NAME)",
				);
				GENERATE_INFOPLIST_FILE = YES;
				MARKETING_VERSION = 1.0;
				OTHER_LDFLAGS = (
					"$(inherited)",
					"-framework",
					shared,
				);
				PRODUCT_BUNDLE_IDENTIFIER = com.miam.MiamIOSFrameworkTests;
				PRODUCT_NAME = "$(TARGET_NAME)";
				SWIFT_EMIT_LOC_STRINGS = NO;
				SWIFT_VERSION = 5.0;
				TARGETED_DEVICE_FAMILY = "1,2";
			};
			name = Release;
		};
/* End XCBuildConfiguration section */

/* Begin XCConfigurationList section */
		DCD4E2FA27BE914A000D3EA6 /* Build configuration list for PBXProject "MiamIOSFramework" */ = {
			isa = XCConfigurationList;
			buildConfigurations = (
				DCD4E31227BE914A000D3EA6 /* Debug */,
				DCD4E31327BE914A000D3EA6 /* Release */,
			);
			defaultConfigurationIsVisible = 0;
			defaultConfigurationName = Release;
		};
		DCD4E31427BE914A000D3EA6 /* Build configuration list for PBXNativeTarget "MiamIOSFramework" */ = {
			isa = XCConfigurationList;
			buildConfigurations = (
				DCD4E31527BE914A000D3EA6 /* Debug */,
				DCD4E31627BE914A000D3EA6 /* Release */,
			);
			defaultConfigurationIsVisible = 0;
			defaultConfigurationName = Release;
		};
		DCD4E31727BE914A000D3EA6 /* Build configuration list for PBXNativeTarget "MiamIOSFrameworkTests" */ = {
			isa = XCConfigurationList;
			buildConfigurations = (
				DCD4E31827BE914A000D3EA6 /* Debug */,
				DCD4E31927BE914A000D3EA6 /* Release */,
			);
			defaultConfigurationIsVisible = 0;
			defaultConfigurationName = Release;
		};
/* End XCConfigurationList section */
	};
	rootObject = DCD4E2F727BE914A000D3EA6 /* Project object */;
}
